// !$*UTF8*$!
{
	archiveVersion = 1;
	classes = {
	};
	objectVersion = 46;
	objects = {

/* Begin PBXFileReference section */
		18D820C715DE50F500ACCECB /* derivatives.cpp */ = {isa = PBXFileReference; lastKnownFileType = sourcecode.cpp.cpp; path = derivatives.cpp; sourceTree = "<group>"; };
		18D820C815DE50F500ACCECB /* derivatives.h */ = {isa = PBXFileReference; lastKnownFileType = sourcecode.c.h; path = derivatives.h; sourceTree = "<group>"; };
/* End PBXFileReference section */

/* Begin PBXGroup section */
		18D820BA15DE503A00ACCECB = {
			isa = PBXGroup;
			children = (
				18D820C715DE50F500ACCECB /* derivatives.cpp */,
				18D820C815DE50F500ACCECB /* derivatives.h */,
			);
			sourceTree = "<group>";
		};
/* End PBXGroup section */

/* Begin PBXProject section */
		18D820BC15DE503A00ACCECB /* Project object */ = {
			isa = PBXProject;
			attributes = {
				LastUpgradeCheck = 0440;
			};
			buildConfigurationList = 18D820BF15DE503A00ACCECB /* Build configuration list for PBXProject "finance_analyze" */;
			compatibilityVersion = "Xcode 3.2";
			developmentRegion = English;
			hasScannedForEncodings = 0;
			knownRegions = (
				en,
			);
			mainGroup = 18D820BA15DE503A00ACCECB;
			projectDirPath = "";
			projectRoot = "";
			targets = (
			);
		};
/* End PBXProject section */

/* Begin XCBuildConfiguration section */
		18D820C215DE503A00ACCECB /* Release */ = {
			isa = XCBuildConfiguration;
			buildSettings = {
			};
			name = Release;
		};
/* End XCBuildConfiguration section */

/* Begin XCConfigurationList section */
		18D820BF15DE503A00ACCECB /* Build configuration list for PBXProject "finance_analyze" */ = {
			isa = XCConfigurationList;
			buildConfigurations = (
				18D820C215DE503A00ACCECB /* Release */,
			);
			defaultConfigurationIsVisible = 0;
			defaultConfigurationName = Release;
		};
/* End XCConfigurationList section */
	};
	rootObject = 18D820BC15DE503A00ACCECB /* Project object */;
}
